
Microsoft Visual Studio Solution File, Format Version 12.00
# Visual Studio Version 16
VisualStudioVersion = 16.0.30503.244
MinimumVisualStudioVersion = 10.0.40219.1
Project("{FAE04EC0-301F-11D3-BF4B-00C04F79EFBC}") = "ProcessUI", "ProcessUI\ProcessUI.csproj", "{90531087-5D6F-40F4-A8AD-8FBB189A8FF0}"
EndProject
Global
	GlobalSection(SolutionConfigurationPlatforms) = preSolution
		Debug|Any CPU = Debug|Any CPU
		Release|Any CPU = Release|Any CPU
	EndGlobalSection
	GlobalSection(ProjectConfigurationPlatforms) = postSolution
		{90531087-5D6F-40F4-A8AD-8FBB189A8FF0}.Debug|Any CPU.ActiveCfg = Debug|Any CPU
		{90531087-5D6F-40F4-A8AD-8FBB189A8FF0}.Debug|Any CPU.Build.0 = Debug|Any CPU
		{90531087-5D6F-40F4-A8AD-8FBB189A8FF0}.Release|Any CPU.ActiveCfg = Release|Any CPU
		{90531087-5D6F-40F4-A8AD-8FBB189A8FF0}.Release|Any CPU.Build.0 = Release|Any CPU
	EndGlobalSection
	GlobalSection(SolutionProperties) = preSolution
		HideSolutionNode = FALSE
	EndGlobalSection
	GlobalSection(ExtensibilityGlobals) = postSolution
		SolutionGuid = {65DC0719-8663-4D31-BFD7-3EC891F43195}
	EndGlobalSection
EndGlobal
